
Microsoft Visual Studio Solution File, Format Version 12.00
# Visual Studio Version 17
VisualStudioVersion = 17.6.33801.468
MinimumVisualStudioVersion = 10.0.40219.1
Project("{FAE04EC0-301F-11D3-BF4B-00C04F79EFBC}") = "LearningTesting", "LearningTesting\LearningTesting.csproj", "{91DA7DBF-6229-480F-88AF-0BDA4514CCE4}"
EndProject
Project("{FAE04EC0-301F-11D3-BF4B-00C04F79EFBC}") = "Testing", "Testing\Testing.csproj", "{482974DF-5031-4BF2-8F56-24A11B0D0B6A}"
EndProject
Global
	GlobalSection(SolutionConfigurationPlatforms) = preSolution
		Debug|Any CPU = Debug|Any CPU
		Release|Any CPU = Release|Any CPU
	EndGlobalSection
	GlobalSection(ProjectConfigurationPlatforms) = postSolution
		{91DA7DBF-6229-480F-88AF-0BDA4514CCE4}.Debug|Any CPU.ActiveCfg = Debug|Any CPU
		{91DA7DBF-6229-480F-88AF-0BDA4514CCE4}.Debug|Any CPU.Build.0 = Debug|Any CPU
		{91DA7DBF-6229-480F-88AF-0BDA4514CCE4}.Release|Any CPU.ActiveCfg = Release|Any CPU
		{91DA7DBF-6229-480F-88AF-0BDA4514CCE4}.Release|Any CPU.Build.0 = Release|Any CPU
		{482974DF-5031-4BF2-8F56-24A11B0D0B6A}.Debug|Any CPU.ActiveCfg = Debug|Any CPU
		{482974DF-5031-4BF2-8F56-24A11B0D0B6A}.Debug|Any CPU.Build.0 = Debug|Any CPU
		{482974DF-5031-4BF2-8F56-24A11B0D0B6A}.Release|Any CPU.ActiveCfg = Release|Any CPU
		{482974DF-5031-4BF2-8F56-24A11B0D0B6A}.Release|Any CPU.Build.0 = Release|Any CPU
	EndGlobalSection
	GlobalSection(SolutionProperties) = preSolution
		HideSolutionNode = FALSE
	EndGlobalSection
	GlobalSection(ExtensibilityGlobals) = postSolution
		SolutionGuid = {411D881B-2168-4EFD-9F95-36BF28132280}
	EndGlobalSection
EndGlobal
